
Microsoft Visual Studio Solution File, Format Version 12.00
# Visual Studio Version 17
VisualStudioVersion = 17.10.35027.167
MinimumVisualStudioVersion = 10.0.40219.1
Project("{A07B5EB6-E848-4116-A8D0-A826331D98C6}") = "api", "api\api.sfproj", "{DE335EA0-6381-4562-8ACC-8CAA1F57E21B}"
EndProject
Project("{9A19103F-16F7-4668-BE54-9A1E7A4F7556}") = "EmailService", "EmailService\EmailService.csproj", "{41925E40-9EF7-4F54-8258-2B1E24B29802}"
EndProject
Project("{9A19103F-16F7-4668-BE54-9A1E7A4F7556}") = "UserService", "UserService\UserService.csproj", "{99E9065E-7E3E-4E6E-A7AA-B865845359CB}"
EndProject
Project("{9A19103F-16F7-4668-BE54-9A1E7A4F7556}") = "RideService", "RideService\RideService.csproj", "{BA9AD143-1BB3-4EF4-AFAC-8F737520FE62}"
EndProject
Project("{9A19103F-16F7-4668-BE54-9A1E7A4F7556}") = "Common", "Common\Common.csproj", "{E37A6A3B-4BC5-44FF-948D-4A86F780F7B1}"
EndProject
Project("{9A19103F-16F7-4668-BE54-9A1E7A4F7556}") = "APIGateway", "APIGateway\APIGateway.csproj", "{7622D5D6-BFA9-4089-9DC8-C718F3707075}"
EndProject
Global
	GlobalSection(SolutionConfigurationPlatforms) = preSolution
		Debug|Any CPU = Debug|Any CPU
		Debug|x64 = Debug|x64
		Release|Any CPU = Release|Any CPU
		Release|x64 = Release|x64
	EndGlobalSection
	GlobalSection(ProjectConfigurationPlatforms) = postSolution
		{DE335EA0-6381-4562-8ACC-8CAA1F57E21B}.Debug|Any CPU.ActiveCfg = Debug|x64
		{DE335EA0-6381-4562-8ACC-8CAA1F57E21B}.Debug|Any CPU.Build.0 = Debug|x64
		{DE335EA0-6381-4562-8ACC-8CAA1F57E21B}.Debug|Any CPU.Deploy.0 = Debug|x64
		{DE335EA0-6381-4562-8ACC-8CAA1F57E21B}.Debug|x64.ActiveCfg = Debug|x64
		{DE335EA0-6381-4562-8ACC-8CAA1F57E21B}.Debug|x64.Build.0 = Debug|x64
		{DE335EA0-6381-4562-8ACC-8CAA1F57E21B}.Debug|x64.Deploy.0 = Debug|x64
		{DE335EA0-6381-4562-8ACC-8CAA1F57E21B}.Release|Any CPU.ActiveCfg = Release|x64
		{DE335EA0-6381-4562-8ACC-8CAA1F57E21B}.Release|Any CPU.Build.0 = Release|x64
		{DE335EA0-6381-4562-8ACC-8CAA1F57E21B}.Release|Any CPU.Deploy.0 = Release|x64
		{DE335EA0-6381-4562-8ACC-8CAA1F57E21B}.Release|x64.ActiveCfg = Release|x64
		{DE335EA0-6381-4562-8ACC-8CAA1F57E21B}.Release|x64.Build.0 = Release|x64
		{DE335EA0-6381-4562-8ACC-8CAA1F57E21B}.Release|x64.Deploy.0 = Release|x64
		{41925E40-9EF7-4F54-8258-2B1E24B29802}.Debug|Any CPU.ActiveCfg = Debug|Any CPU
		{41925E40-9EF7-4F54-8258-2B1E24B29802}.Debug|Any CPU.Build.0 = Debug|Any CPU
		{41925E40-9EF7-4F54-8258-2B1E24B29802}.Debug|x64.ActiveCfg = Debug|Any CPU
		{41925E40-9EF7-4F54-8258-2B1E24B29802}.Debug|x64.Build.0 = Debug|Any CPU
		{41925E40-9EF7-4F54-8258-2B1E24B29802}.Release|Any CPU.ActiveCfg = Release|Any CPU
		{41925E40-9EF7-4F54-8258-2B1E24B29802}.Release|Any CPU.Build.0 = Release|Any CPU
		{41925E40-9EF7-4F54-8258-2B1E24B29802}.Release|x64.ActiveCfg = Release|Any CPU
		{41925E40-9EF7-4F54-8258-2B1E24B29802}.Release|x64.Build.0 = Release|Any CPU
		{99E9065E-7E3E-4E6E-A7AA-B865845359CB}.Debug|Any CPU.ActiveCfg = Debug|Any CPU
		{99E9065E-7E3E-4E6E-A7AA-B865845359CB}.Debug|Any CPU.Build.0 = Debug|Any CPU
		{99E9065E-7E3E-4E6E-A7AA-B865845359CB}.Debug|x64.ActiveCfg = Debug|Any CPU
		{99E9065E-7E3E-4E6E-A7AA-B865845359CB}.Debug|x64.Build.0 = Debug|Any CPU
		{99E9065E-7E3E-4E6E-A7AA-B865845359CB}.Release|Any CPU.ActiveCfg = Release|Any CPU
		{99E9065E-7E3E-4E6E-A7AA-B865845359CB}.Release|Any CPU.Build.0 = Release|Any CPU
		{99E9065E-7E3E-4E6E-A7AA-B865845359CB}.Release|x64.ActiveCfg = Release|Any CPU
		{99E9065E-7E3E-4E6E-A7AA-B865845359CB}.Release|x64.Build.0 = Release|Any CPU
		{BA9AD143-1BB3-4EF4-AFAC-8F737520FE62}.Debug|Any CPU.ActiveCfg = Debug|Any CPU
		{BA9AD143-1BB3-4EF4-AFAC-8F737520FE62}.Debug|Any CPU.Build.0 = Debug|Any CPU
		{BA9AD143-1BB3-4EF4-AFAC-8F737520FE62}.Debug|x64.ActiveCfg = Debug|Any CPU
		{BA9AD143-1BB3-4EF4-AFAC-8F737520FE62}.Debug|x64.Build.0 = Debug|Any CPU
		{BA9AD143-1BB3-4EF4-AFAC-8F737520FE62}.Release|Any CPU.ActiveCfg = Release|Any CPU
		{BA9AD143-1BB3-4EF4-AFAC-8F737520FE62}.Release|Any CPU.Build.0 = Release|Any CPU
		{BA9AD143-1BB3-4EF4-AFAC-8F737520FE62}.Release|x64.ActiveCfg = Release|Any CPU
		{BA9AD143-1BB3-4EF4-AFAC-8F737520FE62}.Release|x64.Build.0 = Release|Any CPU
		{E37A6A3B-4BC5-44FF-948D-4A86F780F7B1}.Debug|Any CPU.ActiveCfg = Debug|Any CPU
		{E37A6A3B-4BC5-44FF-948D-4A86F780F7B1}.Debug|Any CPU.Build.0 = Debug|Any CPU
		{E37A6A3B-4BC5-44FF-948D-4A86F780F7B1}.Debug|x64.ActiveCfg = Debug|Any CPU
		{E37A6A3B-4BC5-44FF-948D-4A86F780F7B1}.Debug|x64.Build.0 = Debug|Any CPU
		{E37A6A3B-4BC5-44FF-948D-4A86F780F7B1}.Release|Any CPU.ActiveCfg = Release|Any CPU
		{E37A6A3B-4BC5-44FF-948D-4A86F780F7B1}.Release|Any CPU.Build.0 = Release|Any CPU
		{E37A6A3B-4BC5-44FF-948D-4A86F780F7B1}.Release|x64.ActiveCfg = Release|Any CPU
		{E37A6A3B-4BC5-44FF-948D-4A86F780F7B1}.Release|x64.Build.0 = Release|Any CPU
		{7622D5D6-BFA9-4089-9DC8-C718F3707075}.Debug|Any CPU.ActiveCfg = Debug|Any CPU
		{7622D5D6-BFA9-4089-9DC8-C718F3707075}.Debug|Any CPU.Build.0 = Debug|Any CPU
		{7622D5D6-BFA9-4089-9DC8-C718F3707075}.Debug|x64.ActiveCfg = Debug|Any CPU
		{7622D5D6-BFA9-4089-9DC8-C718F3707075}.Debug|x64.Build.0 = Debug|Any CPU
		{7622D5D6-BFA9-4089-9DC8-C718F3707075}.Release|Any CPU.ActiveCfg = Release|Any CPU
		{7622D5D6-BFA9-4089-9DC8-C718F3707075}.Release|Any CPU.Build.0 = Release|Any CPU
		{7622D5D6-BFA9-4089-9DC8-C718F3707075}.Release|x64.ActiveCfg = Release|Any CPU
		{7622D5D6-BFA9-4089-9DC8-C718F3707075}.Release|x64.Build.0 = Release|Any CPU
	EndGlobalSection
	GlobalSection(SolutionProperties) = preSolution
		HideSolutionNode = FALSE
	EndGlobalSection
	GlobalSection(ExtensibilityGlobals) = postSolution
		SolutionGuid = {D6A984E3-97ED-4386-8F91-64B11A825710}
	EndGlobalSection
EndGlobal
